
Microsoft Visual Studio Solution File, Format Version 12.00
# Visual Studio Version 17
VisualStudioVersion = 17.5.33627.172
MinimumVisualStudioVersion = 10.0.40219.1
Project("{FAE04EC0-301F-11D3-BF4B-00C04F79EFBC}") = "Lau.Net.Utils", "Lau.Net.Utils\Lau.Net.Utils.csproj", "{36C16818-36CC-4B82-8C35-E948C1BB69FA}"
EndProject
Project("{FAE04EC0-301F-11D3-BF4B-00C04F79EFBC}") = "Lau.Net.Utils.Tests", "Lau.Net.Utils.Tests\Lau.Net.Utils.Tests.csproj", "{0DD3FA5E-A31E-4D90-B46A-8DA13D53101F}"
EndProject
Project("{9A19103F-16F7-4668-BE54-9A1E7A4F7556}") = "ConsoleAppDemo", "ConsoleAppDemo\ConsoleAppDemo.csproj", "{3E793497-F0E8-41C0-A511-258CFF07EB95}"
EndProject
Project("{FAE04EC0-301F-11D3-BF4B-00C04F79EFBC}") = "WinFormApp", "WinFormApp\WinFormApp.csproj", "{305A6699-CF25-4E08-91CB-653717393CC3}"
EndProject
Global
	GlobalSection(SolutionConfigurationPlatforms) = preSolution
		Debug|Any CPU = Debug|Any CPU
		Release|Any CPU = Release|Any CPU
	EndGlobalSection
	GlobalSection(ProjectConfigurationPlatforms) = postSolution
		{36C16818-36CC-4B82-8C35-E948C1BB69FA}.Debug|Any CPU.ActiveCfg = Debug|Any CPU
		{36C16818-36CC-4B82-8C35-E948C1BB69FA}.Debug|Any CPU.Build.0 = Debug|Any CPU
		{36C16818-36CC-4B82-8C35-E948C1BB69FA}.Release|Any CPU.ActiveCfg = Release|Any CPU
		{36C16818-36CC-4B82-8C35-E948C1BB69FA}.Release|Any CPU.Build.0 = Release|Any CPU
		{0DD3FA5E-A31E-4D90-B46A-8DA13D53101F}.Debug|Any CPU.ActiveCfg = Debug|Any CPU
		{0DD3FA5E-A31E-4D90-B46A-8DA13D53101F}.Debug|Any CPU.Build.0 = Debug|Any CPU
		{0DD3FA5E-A31E-4D90-B46A-8DA13D53101F}.Release|Any CPU.ActiveCfg = Release|Any CPU
		{0DD3FA5E-A31E-4D90-B46A-8DA13D53101F}.Release|Any CPU.Build.0 = Release|Any CPU
		{3E793497-F0E8-41C0-A511-258CFF07EB95}.Debug|Any CPU.ActiveCfg = Debug|Any CPU
		{3E793497-F0E8-41C0-A511-258CFF07EB95}.Debug|Any CPU.Build.0 = Debug|Any CPU
		{3E793497-F0E8-41C0-A511-258CFF07EB95}.Release|Any CPU.ActiveCfg = Release|Any CPU
		{3E793497-F0E8-41C0-A511-258CFF07EB95}.Release|Any CPU.Build.0 = Release|Any CPU
		{305A6699-CF25-4E08-91CB-653717393CC3}.Debug|Any CPU.ActiveCfg = Debug|Any CPU
		{305A6699-CF25-4E08-91CB-653717393CC3}.Debug|Any CPU.Build.0 = Debug|Any CPU
		{305A6699-CF25-4E08-91CB-653717393CC3}.Release|Any CPU.ActiveCfg = Release|Any CPU
		{305A6699-CF25-4E08-91CB-653717393CC3}.Release|Any CPU.Build.0 = Release|Any CPU
	EndGlobalSection
	GlobalSection(SolutionProperties) = preSolution
		HideSolutionNode = FALSE
	EndGlobalSection
	GlobalSection(ExtensibilityGlobals) = postSolution
		SolutionGuid = {B1919425-1B24-4473-B4B3-A111FB200B78}
	EndGlobalSection
EndGlobal
